// !$*UTF8*$!
{
	archiveVersion = 1;
	classes = {
	};
	objectVersion = 55;
	objects = {

/* Begin PBXBuildFile section */
		4BF95B1A2332415736ED54EB /* Pods_Netflix_clone_mpc_Netflix_clone_mpcUITests.framework in Frameworks */ = {isa = PBXBuildFile; fileRef = FA6A6558EC8B8B9A7F1C4039 /* Pods_Netflix_clone_mpc_Netflix_clone_mpcUITests.framework */; };
		5E774FBDA424C29DDA4812F3 /* Pods_Netflix_clone_mpcTests.framework in Frameworks */ = {isa = PBXBuildFile; fileRef = B8CF2507AA361E4BC93C2672 /* Pods_Netflix_clone_mpcTests.framework */; };
		6080538B2836DD5700666AFF /* FavouriteViewController.swift in Sources */ = {isa = PBXBuildFile; fileRef = 608053892836DD5700666AFF /* FavouriteViewController.swift */; };
		6080538F2836DD7900666AFF /* MainViewController.swift in Sources */ = {isa = PBXBuildFile; fileRef = 6080538D2836DD7900666AFF /* MainViewController.swift */; };
		608053902836DD7A00666AFF /* MainViewController.xib in Resources */ = {isa = PBXBuildFile; fileRef = 6080538E2836DD7900666AFF /* MainViewController.xib */; };
		60940986283BAD2C00BBAA77 /* SelectedMovieViewModel.swift in Sources */ = {isa = PBXBuildFile; fileRef = 60940985283BAD2C00BBAA77 /* SelectedMovieViewModel.swift */; };
		60940988283BAD3E00BBAA77 /* FavoriteMovieViewModel.swift in Sources */ = {isa = PBXBuildFile; fileRef = 60940987283BAD3E00BBAA77 /* FavoriteMovieViewModel.swift */; };
		6094098F283BB09500BBAA77 /* OneMovieCell.swift in Sources */ = {isa = PBXBuildFile; fileRef = 6094098E283BB09500BBAA77 /* OneMovieCell.swift */; };
		60940991283BB0B600BBAA77 /* OneMovieCell.xib in Resources */ = {isa = PBXBuildFile; fileRef = 60940990283BB0B600BBAA77 /* OneMovieCell.xib */; };
		60940993283BB14100BBAA77 /* SelectedMovieViewController.swift in Sources */ = {isa = PBXBuildFile; fileRef = 60940992283BB14000BBAA77 /* SelectedMovieViewController.swift */; };
		60940995283BB19B00BBAA77 /* SelectedMovieViewController.xib in Resources */ = {isa = PBXBuildFile; fileRef = 60940994283BB19B00BBAA77 /* SelectedMovieViewController.xib */; };
		60940997283BB29E00BBAA77 /* FavoriteMovieCell.xib in Resources */ = {isa = PBXBuildFile; fileRef = 60940996283BB29E00BBAA77 /* FavoriteMovieCell.xib */; };
		6094099B283BC10900BBAA77 /* GoogleService-Info.plist in Resources */ = {isa = PBXBuildFile; fileRef = 6094099A283BC10900BBAA77 /* GoogleService-Info.plist */; };
		6094099F283C1C1900BBAA77 /* UserViewModel.swift in Sources */ = {isa = PBXBuildFile; fileRef = 6094099E283C1C1900BBAA77 /* UserViewModel.swift */; };
		609409A3283D7A6800BBAA77 /* FavoritesMoviesViewController.xib in Resources */ = {isa = PBXBuildFile; fileRef = 609409A2283D7A6800BBAA77 /* FavoritesMoviesViewController.xib */; };
		609409A5283D7D3500BBAA77 /* FavoriteMovieCell.swift in Sources */ = {isa = PBXBuildFile; fileRef = 609409A4283D7D3500BBAA77 /* FavoriteMovieCell.swift */; };
		60CFFA4028368F7400A75B1C /* AppDelegate.swift in Sources */ = {isa = PBXBuildFile; fileRef = 60CFFA3F28368F7400A75B1C /* AppDelegate.swift */; };
		60CFFA4228368F7400A75B1C /* SceneDelegate.swift in Sources */ = {isa = PBXBuildFile; fileRef = 60CFFA4128368F7400A75B1C /* SceneDelegate.swift */; };
		60CFFA4A28368F7400A75B1C /* Netflix_clone_mpc.xcdatamodeld in Sources */ = {isa = PBXBuildFile; fileRef = 60CFFA4828368F7400A75B1C /* Netflix_clone_mpc.xcdatamodeld */; };
		60CFFA4C28368F7A00A75B1C /* Assets.xcassets in Resources */ = {isa = PBXBuildFile; fileRef = 60CFFA4B28368F7A00A75B1C /* Assets.xcassets */; };
		60CFFA4F28368F7A00A75B1C /* LaunchScreen.storyboard in Resources */ = {isa = PBXBuildFile; fileRef = 60CFFA4D28368F7A00A75B1C /* LaunchScreen.storyboard */; };
		60CFFA5A28368F7A00A75B1C /* Netflix_clone_mpcTests.swift in Sources */ = {isa = PBXBuildFile; fileRef = 60CFFA5928368F7A00A75B1C /* Netflix_clone_mpcTests.swift */; };
		60CFFA6428368F7A00A75B1C /* Netflix_clone_mpcUITests.swift in Sources */ = {isa = PBXBuildFile; fileRef = 60CFFA6328368F7A00A75B1C /* Netflix_clone_mpcUITests.swift */; };
		60CFFA6628368F7A00A75B1C /* Netflix_clone_mpcUITestsLaunchTests.swift in Sources */ = {isa = PBXBuildFile; fileRef = 60CFFA6528368F7A00A75B1C /* Netflix_clone_mpcUITestsLaunchTests.swift */; };
		60CFFA742836901700A75B1C /* initialViewController.swift in Sources */ = {isa = PBXBuildFile; fileRef = 60CFFA722836901700A75B1C /* initialViewController.swift */; };
		60CFFA752836901700A75B1C /* initialViewController.xib in Resources */ = {isa = PBXBuildFile; fileRef = 60CFFA732836901700A75B1C /* initialViewController.xib */; };
		60F1BF75283B04FE004A8297 /* SelectedMovieModel.swift in Sources */ = {isa = PBXBuildFile; fileRef = 60F1BF74283B04FE004A8297 /* SelectedMovieModel.swift */; };
		60F1BF77283B050F004A8297 /* PopularMovieModel.swift in Sources */ = {isa = PBXBuildFile; fileRef = 60F1BF76283B050F004A8297 /* PopularMovieModel.swift */; };
		60F1BF79283B0530004A8297 /* FavoriteMovieModel.swift in Sources */ = {isa = PBXBuildFile; fileRef = 60F1BF78283B0530004A8297 /* FavoriteMovieModel.swift */; };
		60F1BF7B283B0566004A8297 /* APICaller.swift in Sources */ = {isa = PBXBuildFile; fileRef = 60F1BF7A283B0566004A8297 /* APICaller.swift */; };
		60F1BF7D283B0CDC004A8297 /* MainViewModel.swift in Sources */ = {isa = PBXBuildFile; fileRef = 60F1BF7C283B0CDC004A8297 /* MainViewModel.swift */; };
		F1A362E892C46C392C55083A /* Pods_Netflix_clone_mpc.framework in Frameworks */ = {isa = PBXBuildFile; fileRef = C4C7544430C9EE1CE4165EF1 /* Pods_Netflix_clone_mpc.framework */; };
/* End PBXBuildFile section */

/* Begin PBXContainerItemProxy section */
		60CFFA5628368F7A00A75B1C /* PBXContainerItemProxy */ = {
			isa = PBXContainerItemProxy;
			containerPortal = 60CFFA3428368F7400A75B1C /* Project object */;
			proxyType = 1;
			remoteGlobalIDString = 60CFFA3B28368F7400A75B1C;
			remoteInfo = Netflix_clone.mpc;
		};
		60CFFA6028368F7A00A75B1C /* PBXContainerItemProxy */ = {
			isa = PBXContainerItemProxy;
			containerPortal = 60CFFA3428368F7400A75B1C /* Project object */;
			proxyType = 1;
			remoteGlobalIDString = 60CFFA3B28368F7400A75B1C;
			remoteInfo = Netflix_clone.mpc;
		};
/* End PBXContainerItemProxy section */

/* Begin PBXFileReference section */
		14C46C8C64A9B81060C1334E /* Pods-Netflix_clone.mpcTests.debug.xcconfig */ = {isa = PBXFileReference; includeInIndex = 1; lastKnownFileType = text.xcconfig; name = "Pods-Netflix_clone.mpcTests.debug.xcconfig"; path = "Target Support Files/Pods-Netflix_clone.mpcTests/Pods-Netflix_clone.mpcTests.debug.xcconfig"; sourceTree = "<group>"; };
		608053892836DD5700666AFF /* FavouriteViewController.swift */ = {isa = PBXFileReference; lastKnownFileType = sourcecode.swift; path = FavouriteViewController.swift; sourceTree = "<group>"; };
		6080538D2836DD7900666AFF /* MainViewController.swift */ = {isa = PBXFileReference; lastKnownFileType = sourcecode.swift; path = MainViewController.swift; sourceTree = "<group>"; };
		6080538E2836DD7900666AFF /* MainViewController.xib */ = {isa = PBXFileReference; lastKnownFileType = file.xib; path = MainViewController.xib; sourceTree = "<group>"; };
		60940985283BAD2C00BBAA77 /* SelectedMovieViewModel.swift */ = {isa = PBXFileReference; fileEncoding = 4; lastKnownFileType = sourcecode.swift; path = SelectedMovieViewModel.swift; sourceTree = "<group>"; };
		60940987283BAD3E00BBAA77 /* FavoriteMovieViewModel.swift */ = {isa = PBXFileReference; fileEncoding = 4; lastKnownFileType = sourcecode.swift; path = FavoriteMovieViewModel.swift; sourceTree = "<group>"; };
		6094098E283BB09500BBAA77 /* OneMovieCell.swift */ = {isa = PBXFileReference; fileEncoding = 4; lastKnownFileType = sourcecode.swift; path = OneMovieCell.swift; sourceTree = "<group>"; };
		60940990283BB0B600BBAA77 /* OneMovieCell.xib */ = {isa = PBXFileReference; fileEncoding = 4; lastKnownFileType = file.xib; path = OneMovieCell.xib; sourceTree = "<group>"; };
		60940992283BB14000BBAA77 /* SelectedMovieViewController.swift */ = {isa = PBXFileReference; lastKnownFileType = sourcecode.swift; path = SelectedMovieViewController.swift; sourceTree = "<group>"; };
		60940994283BB19B00BBAA77 /* SelectedMovieViewController.xib */ = {isa = PBXFileReference; fileEncoding = 4; lastKnownFileType = file.xib; path = SelectedMovieViewController.xib; sourceTree = "<group>"; };
		60940996283BB29E00BBAA77 /* FavoriteMovieCell.xib */ = {isa = PBXFileReference; fileEncoding = 4; lastKnownFileType = file.xib; path = FavoriteMovieCell.xib; sourceTree = "<group>"; };
		6094099A283BC10900BBAA77 /* GoogleService-Info.plist */ = {isa = PBXFileReference; fileEncoding = 4; lastKnownFileType = text.plist.xml; path = "GoogleService-Info.plist"; sourceTree = "<group>"; };
		6094099E283C1C1900BBAA77 /* UserViewModel.swift */ = {isa = PBXFileReference; lastKnownFileType = sourcecode.swift; path = UserViewModel.swift; sourceTree = "<group>"; };
		609409A2283D7A6800BBAA77 /* FavoritesMoviesViewController.xib */ = {isa = PBXFileReference; fileEncoding = 4; lastKnownFileType = file.xib; path = FavoritesMoviesViewController.xib; sourceTree = "<group>"; };
		609409A4283D7D3500BBAA77 /* FavoriteMovieCell.swift */ = {isa = PBXFileReference; fileEncoding = 4; lastKnownFileType = sourcecode.swift; path = FavoriteMovieCell.swift; sourceTree = "<group>"; };
		60CFFA3C28368F7400A75B1C /* Netflix_clone.mpc.app */ = {isa = PBXFileReference; explicitFileType = wrapper.application; includeInIndex = 0; path = Netflix_clone.mpc.app; sourceTree = BUILT_PRODUCTS_DIR; };
		60CFFA3F28368F7400A75B1C /* AppDelegate.swift */ = {isa = PBXFileReference; lastKnownFileType = sourcecode.swift; path = AppDelegate.swift; sourceTree = "<group>"; };
		60CFFA4128368F7400A75B1C /* SceneDelegate.swift */ = {isa = PBXFileReference; lastKnownFileType = sourcecode.swift; path = SceneDelegate.swift; sourceTree = "<group>"; };
		60CFFA4928368F7400A75B1C /* Netflix_clone_mpc.xcdatamodel */ = {isa = PBXFileReference; lastKnownFileType = wrapper.xcdatamodel; path = Netflix_clone_mpc.xcdatamodel; sourceTree = "<group>"; };
		60CFFA4B28368F7A00A75B1C /* Assets.xcassets */ = {isa = PBXFileReference; lastKnownFileType = folder.assetcatalog; path = Assets.xcassets; sourceTree = "<group>"; };
		60CFFA4E28368F7A00A75B1C /* Base */ = {isa = PBXFileReference; lastKnownFileType = file.storyboard; name = Base; path = Base.lproj/LaunchScreen.storyboard; sourceTree = "<group>"; };
		60CFFA5028368F7A00A75B1C /* Info.plist */ = {isa = PBXFileReference; lastKnownFileType = text.plist.xml; path = Info.plist; sourceTree = "<group>"; };
		60CFFA5528368F7A00A75B1C /* Netflix_clone.mpcTests.xctest */ = {isa = PBXFileReference; explicitFileType = wrapper.cfbundle; includeInIndex = 0; path = Netflix_clone.mpcTests.xctest; sourceTree = BUILT_PRODUCTS_DIR; };
		60CFFA5928368F7A00A75B1C /* Netflix_clone_mpcTests.swift */ = {isa = PBXFileReference; lastKnownFileType = sourcecode.swift; path = Netflix_clone_mpcTests.swift; sourceTree = "<group>"; };
		60CFFA5F28368F7A00A75B1C /* Netflix_clone.mpcUITests.xctest */ = {isa = PBXFileReference; explicitFileType = wrapper.cfbundle; includeInIndex = 0; path = Netflix_clone.mpcUITests.xctest; sourceTree = BUILT_PRODUCTS_DIR; };
		60CFFA6328368F7A00A75B1C /* Netflix_clone_mpcUITests.swift */ = {isa = PBXFileReference; lastKnownFileType = sourcecode.swift; path = Netflix_clone_mpcUITests.swift; sourceTree = "<group>"; };
		60CFFA6528368F7A00A75B1C /* Netflix_clone_mpcUITestsLaunchTests.swift */ = {isa = PBXFileReference; lastKnownFileType = sourcecode.swift; path = Netflix_clone_mpcUITestsLaunchTests.swift; sourceTree = "<group>"; };
		60CFFA722836901700A75B1C /* initialViewController.swift */ = {isa = PBXFileReference; lastKnownFileType = sourcecode.swift; path = initialViewController.swift; sourceTree = "<group>"; };
		60CFFA732836901700A75B1C /* initialViewController.xib */ = {isa = PBXFileReference; lastKnownFileType = file.xib; path = initialViewController.xib; sourceTree = "<group>"; };
		60F1BF74283B04FE004A8297 /* SelectedMovieModel.swift */ = {isa = PBXFileReference; fileEncoding = 4; lastKnownFileType = sourcecode.swift; path = SelectedMovieModel.swift; sourceTree = "<group>"; };
		60F1BF76283B050F004A8297 /* PopularMovieModel.swift */ = {isa = PBXFileReference; fileEncoding = 4; lastKnownFileType = sourcecode.swift; path = PopularMovieModel.swift; sourceTree = "<group>"; };
		60F1BF78283B0530004A8297 /* FavoriteMovieModel.swift */ = {isa = PBXFileReference; fileEncoding = 4; lastKnownFileType = sourcecode.swift; path = FavoriteMovieModel.swift; sourceTree = "<group>"; };
		60F1BF7A283B0566004A8297 /* APICaller.swift */ = {isa = PBXFileReference; fileEncoding = 4; lastKnownFileType = sourcecode.swift; path = APICaller.swift; sourceTree = "<group>"; };
		60F1BF7C283B0CDC004A8297 /* MainViewModel.swift */ = {isa = PBXFileReference; fileEncoding = 4; lastKnownFileType = sourcecode.swift; path = MainViewModel.swift; sourceTree = "<group>"; };
		6D6D32C855FEB0C6AD43776D /* Pods-Netflix_clone.mpcTests.release.xcconfig */ = {isa = PBXFileReference; includeInIndex = 1; lastKnownFileType = text.xcconfig; name = "Pods-Netflix_clone.mpcTests.release.xcconfig"; path = "Target Support Files/Pods-Netflix_clone.mpcTests/Pods-Netflix_clone.mpcTests.release.xcconfig"; sourceTree = "<group>"; };
		8468C513375ADEF530BCBDAE /* Pods-Netflix_clone.mpc.release.xcconfig */ = {isa = PBXFileReference; includeInIndex = 1; lastKnownFileType = text.xcconfig; name = "Pods-Netflix_clone.mpc.release.xcconfig"; path = "Target Support Files/Pods-Netflix_clone.mpc/Pods-Netflix_clone.mpc.release.xcconfig"; sourceTree = "<group>"; };
		B35EC39FD36D072876A0E179 /* Pods-Netflix_clone.mpc-Netflix_clone.mpcUITests.debug.xcconfig */ = {isa = PBXFileReference; includeInIndex = 1; lastKnownFileType = text.xcconfig; name = "Pods-Netflix_clone.mpc-Netflix_clone.mpcUITests.debug.xcconfig"; path = "Target Support Files/Pods-Netflix_clone.mpc-Netflix_clone.mpcUITests/Pods-Netflix_clone.mpc-Netflix_clone.mpcUITests.debug.xcconfig"; sourceTree = "<group>"; };
		B8CF2507AA361E4BC93C2672 /* Pods_Netflix_clone_mpcTests.framework */ = {isa = PBXFileReference; explicitFileType = wrapper.framework; includeInIndex = 0; path = Pods_Netflix_clone_mpcTests.framework; sourceTree = BUILT_PRODUCTS_DIR; };
		C4C7544430C9EE1CE4165EF1 /* Pods_Netflix_clone_mpc.framework */ = {isa = PBXFileReference; explicitFileType = wrapper.framework; includeInIndex = 0; path = Pods_Netflix_clone_mpc.framework; sourceTree = BUILT_PRODUCTS_DIR; };
		EA5AA00EEF5691ADD0FACB92 /* Pods-Netflix_clone.mpc.debug.xcconfig */ = {isa = PBXFileReference; includeInIndex = 1; lastKnownFileType = text.xcconfig; name = "Pods-Netflix_clone.mpc.debug.xcconfig"; path = "Target Support Files/Pods-Netflix_clone.mpc/Pods-Netflix_clone.mpc.debug.xcconfig"; sourceTree = "<group>"; };
		F02E6E144D8ED1E05400C1D3 /* Pods-Netflix_clone.mpc-Netflix_clone.mpcUITests.release.xcconfig */ = {isa = PBXFileReference; includeInIndex = 1; lastKnownFileType = text.xcconfig; name = "Pods-Netflix_clone.mpc-Netflix_clone.mpcUITests.release.xcconfig"; path = "Target Support Files/Pods-Netflix_clone.mpc-Netflix_clone.mpcUITests/Pods-Netflix_clone.mpc-Netflix_clone.mpcUITests.release.xcconfig"; sourceTree = "<group>"; };
		FA6A6558EC8B8B9A7F1C4039 /* Pods_Netflix_clone_mpc_Netflix_clone_mpcUITests.framework */ = {isa = PBXFileReference; explicitFileType = wrapper.framework; includeInIndex = 0; path = Pods_Netflix_clone_mpc_Netflix_clone_mpcUITests.framework; sourceTree = BUILT_PRODUCTS_DIR; };
/* End PBXFileReference section */

/* Begin PBXFrameworksBuildPhase section */
		60CFFA3928368F7400A75B1C /* Frameworks */ = {
			isa = PBXFrameworksBuildPhase;
			buildActionMask = 2147483647;
			files = (
				F1A362E892C46C392C55083A /* Pods_Netflix_clone_mpc.framework in Frameworks */,
			);
			runOnlyForDeploymentPostprocessing = 0;
		};
		60CFFA5228368F7A00A75B1C /* Frameworks */ = {
			isa = PBXFrameworksBuildPhase;
			buildActionMask = 2147483647;
			files = (
				5E774FBDA424C29DDA4812F3 /* Pods_Netflix_clone_mpcTests.framework in Frameworks */,
			);
			runOnlyForDeploymentPostprocessing = 0;
		};
		60CFFA5C28368F7A00A75B1C /* Frameworks */ = {
			isa = PBXFrameworksBuildPhase;
			buildActionMask = 2147483647;
			files = (
				4BF95B1A2332415736ED54EB /* Pods_Netflix_clone_mpc_Netflix_clone_mpcUITests.framework in Frameworks */,
			);
			runOnlyForDeploymentPostprocessing = 0;
		};
/* End PBXFrameworksBuildPhase section */

/* Begin PBXGroup section */
		114566C897884566A1820C5B /* Frameworks */ = {
			isa = PBXGroup;
			children = (
				C4C7544430C9EE1CE4165EF1 /* Pods_Netflix_clone_mpc.framework */,
				FA6A6558EC8B8B9A7F1C4039 /* Pods_Netflix_clone_mpc_Netflix_clone_mpcUITests.framework */,
				B8CF2507AA361E4BC93C2672 /* Pods_Netflix_clone_mpcTests.framework */,
			);
			name = Frameworks;
			sourceTree = "<group>";
		};
		60CDA415283AFBE300A1D7AE /* Model */ = {
			isa = PBXGroup;
			children = (
				60F1BF74283B04FE004A8297 /* SelectedMovieModel.swift */,
				60F1BF76283B050F004A8297 /* PopularMovieModel.swift */,
				60F1BF78283B0530004A8297 /* FavoriteMovieModel.swift */,
			);
			path = Model;
			sourceTree = "<group>";
		};
		60CDA416283AFD7600A1D7AE /* Controllers */ = {
			isa = PBXGroup;
			children = (
				60CFFA722836901700A75B1C /* initialViewController.swift */,
				6080538D2836DD7900666AFF /* MainViewController.swift */,
				608053892836DD5700666AFF /* FavouriteViewController.swift */,
				6094098E283BB09500BBAA77 /* OneMovieCell.swift */,
				60940992283BB14000BBAA77 /* SelectedMovieViewController.swift */,
				609409A4283D7D3500BBAA77 /* FavoriteMovieCell.swift */,
			);
			path = Controllers;
			sourceTree = "<group>";
		};
		60CDA417283AFD8900A1D7AE /* View */ = {
			isa = PBXGroup;
			children = (
				60940994283BB19B00BBAA77 /* SelectedMovieViewController.xib */,
				60940990283BB0B600BBAA77 /* OneMovieCell.xib */,
				60CFFA4D28368F7A00A75B1C /* LaunchScreen.storyboard */,
				60CFFA732836901700A75B1C /* initialViewController.xib */,
				6080538E2836DD7900666AFF /* MainViewController.xib */,
				609409A2283D7A6800BBAA77 /* FavoritesMoviesViewController.xib */,
				60940996283BB29E00BBAA77 /* FavoriteMovieCell.xib */,
			);
			path = View;
			sourceTree = "<group>";
		};
		60CDA418283AFD9900A1D7AE /* Managers */ = {
			isa = PBXGroup;
			children = (
				60F1BF7A283B0566004A8297 /* APICaller.swift */,
			);
			path = Managers;
			sourceTree = "<group>";
		};
		60CDA419283B002900A1D7AE /* ViewModel */ = {
			isa = PBXGroup;
			children = (
				60F1BF7C283B0CDC004A8297 /* MainViewModel.swift */,
				60940985283BAD2C00BBAA77 /* SelectedMovieViewModel.swift */,
				60940987283BAD3E00BBAA77 /* FavoriteMovieViewModel.swift */,
				6094099E283C1C1900BBAA77 /* UserViewModel.swift */,
			);
			path = ViewModel;
			sourceTree = "<group>";
		};
		60CFFA3328368F7400A75B1C = {
			isa = PBXGroup;
			children = (
				60CFFA3E28368F7400A75B1C /* Netflix_clone.mpc */,
				60CFFA5828368F7A00A75B1C /* Netflix_clone.mpcTests */,
				60CFFA6228368F7A00A75B1C /* Netflix_clone.mpcUITests */,
				60CFFA3D28368F7400A75B1C /* Products */,
				97CE42BCA5AB2A8775189F9A /* Pods */,
				114566C897884566A1820C5B /* Frameworks */,
			);
			sourceTree = "<group>";
		};
		60CFFA3D28368F7400A75B1C /* Products */ = {
			isa = PBXGroup;
			children = (
				60CFFA3C28368F7400A75B1C /* Netflix_clone.mpc.app */,
				60CFFA5528368F7A00A75B1C /* Netflix_clone.mpcTests.xctest */,
				60CFFA5F28368F7A00A75B1C /* Netflix_clone.mpcUITests.xctest */,
			);
			name = Products;
			sourceTree = "<group>";
		};
		60CFFA3E28368F7400A75B1C /* Netflix_clone.mpc */ = {
			isa = PBXGroup;
			children = (
				60CDA416283AFD7600A1D7AE /* Controllers */,
				60CDA419283B002900A1D7AE /* ViewModel */,
				60CDA418283AFD9900A1D7AE /* Managers */,
				60CDA417283AFD8900A1D7AE /* View */,
				60CDA415283AFBE300A1D7AE /* Model */,
				60CFFA3F28368F7400A75B1C /* AppDelegate.swift */,
				60CFFA4128368F7400A75B1C /* SceneDelegate.swift */,
				60CFFA4B28368F7A00A75B1C /* Assets.xcassets */,
				60CFFA5028368F7A00A75B1C /* Info.plist */,
				6094099A283BC10900BBAA77 /* GoogleService-Info.plist */,
				60CFFA4828368F7400A75B1C /* Netflix_clone_mpc.xcdatamodeld */,
			);
			path = Netflix_clone.mpc;
			sourceTree = "<group>";
		};
		60CFFA5828368F7A00A75B1C /* Netflix_clone.mpcTests */ = {
			isa = PBXGroup;
			children = (
				60CFFA5928368F7A00A75B1C /* Netflix_clone_mpcTests.swift */,
			);
			path = Netflix_clone.mpcTests;
			sourceTree = "<group>";
		};
		60CFFA6228368F7A00A75B1C /* Netflix_clone.mpcUITests */ = {
			isa = PBXGroup;
			children = (
				60CFFA6328368F7A00A75B1C /* Netflix_clone_mpcUITests.swift */,
				60CFFA6528368F7A00A75B1C /* Netflix_clone_mpcUITestsLaunchTests.swift */,
			);
			path = Netflix_clone.mpcUITests;
			sourceTree = "<group>";
		};
		97CE42BCA5AB2A8775189F9A /* Pods */ = {
			isa = PBXGroup;
			children = (
				EA5AA00EEF5691ADD0FACB92 /* Pods-Netflix_clone.mpc.debug.xcconfig */,
				8468C513375ADEF530BCBDAE /* Pods-Netflix_clone.mpc.release.xcconfig */,
				B35EC39FD36D072876A0E179 /* Pods-Netflix_clone.mpc-Netflix_clone.mpcUITests.debug.xcconfig */,
				F02E6E144D8ED1E05400C1D3 /* Pods-Netflix_clone.mpc-Netflix_clone.mpcUITests.release.xcconfig */,
				14C46C8C64A9B81060C1334E /* Pods-Netflix_clone.mpcTests.debug.xcconfig */,
				6D6D32C855FEB0C6AD43776D /* Pods-Netflix_clone.mpcTests.release.xcconfig */,
			);
			path = Pods;
			sourceTree = "<group>";
		};
/* End PBXGroup section */

/* Begin PBXNativeTarget section */
		60CFFA3B28368F7400A75B1C /* Netflix_clone.mpc */ = {
			isa = PBXNativeTarget;
			buildConfigurationList = 60CFFA6928368F7A00A75B1C /* Build configuration list for PBXNativeTarget "Netflix_clone.mpc" */;
			buildPhases = (
				1953A2871C9B2F9CA78E2599 /* [CP] Check Pods Manifest.lock */,
				60CFFA3828368F7400A75B1C /* Sources */,
				60CFFA3928368F7400A75B1C /* Frameworks */,
				60CFFA3A28368F7400A75B1C /* Resources */,
				1F266C378FE97853D366571B /* [CP] Embed Pods Frameworks */,
			);
			buildRules = (
			);
			dependencies = (
			);
			name = Netflix_clone.mpc;
			productName = Netflix_clone.mpc;
			productReference = 60CFFA3C28368F7400A75B1C /* Netflix_clone.mpc.app */;
			productType = "com.apple.product-type.application";
		};
		60CFFA5428368F7A00A75B1C /* Netflix_clone.mpcTests */ = {
			isa = PBXNativeTarget;
			buildConfigurationList = 60CFFA6C28368F7A00A75B1C /* Build configuration list for PBXNativeTarget "Netflix_clone.mpcTests" */;
			buildPhases = (
				487B2D9B027838823063065F /* [CP] Check Pods Manifest.lock */,
				60CFFA5128368F7A00A75B1C /* Sources */,
				60CFFA5228368F7A00A75B1C /* Frameworks */,
				60CFFA5328368F7A00A75B1C /* Resources */,
			);
			buildRules = (
			);
			dependencies = (
				60CFFA5728368F7A00A75B1C /* PBXTargetDependency */,
			);
			name = Netflix_clone.mpcTests;
			productName = Netflix_clone.mpcTests;
			productReference = 60CFFA5528368F7A00A75B1C /* Netflix_clone.mpcTests.xctest */;
			productType = "com.apple.product-type.bundle.unit-test";
		};
		60CFFA5E28368F7A00A75B1C /* Netflix_clone.mpcUITests */ = {
			isa = PBXNativeTarget;
			buildConfigurationList = 60CFFA6F28368F7A00A75B1C /* Build configuration list for PBXNativeTarget "Netflix_clone.mpcUITests" */;
			buildPhases = (
				6DFB160072A26CFD72892E32 /* [CP] Check Pods Manifest.lock */,
				60CFFA5B28368F7A00A75B1C /* Sources */,
				60CFFA5C28368F7A00A75B1C /* Frameworks */,
				60CFFA5D28368F7A00A75B1C /* Resources */,
				84D5D64B800BF049666F7012 /* [CP] Embed Pods Frameworks */,
			);
			buildRules = (
			);
			dependencies = (
				60CFFA6128368F7A00A75B1C /* PBXTargetDependency */,
			);
			name = Netflix_clone.mpcUITests;
			productName = Netflix_clone.mpcUITests;
			productReference = 60CFFA5F28368F7A00A75B1C /* Netflix_clone.mpcUITests.xctest */;
			productType = "com.apple.product-type.bundle.ui-testing";
		};
/* End PBXNativeTarget section */

/* Begin PBXProject section */
		60CFFA3428368F7400A75B1C /* Project object */ = {
			isa = PBXProject;
			attributes = {
				BuildIndependentTargetsInParallel = 1;
				LastSwiftUpdateCheck = 1310;
				LastUpgradeCheck = 1310;
				TargetAttributes = {
					60CFFA3B28368F7400A75B1C = {
						CreatedOnToolsVersion = 13.1;
					};
					60CFFA5428368F7A00A75B1C = {
						CreatedOnToolsVersion = 13.1;
						TestTargetID = 60CFFA3B28368F7400A75B1C;
					};
					60CFFA5E28368F7A00A75B1C = {
						CreatedOnToolsVersion = 13.1;
						TestTargetID = 60CFFA3B28368F7400A75B1C;
					};
				};
			};
			buildConfigurationList = 60CFFA3728368F7400A75B1C /* Build configuration list for PBXProject "Netflix_clone.mpc" */;
			compatibilityVersion = "Xcode 13.0";
			developmentRegion = en;
			hasScannedForEncodings = 0;
			knownRegions = (
				en,
				Base,
			);
			mainGroup = 60CFFA3328368F7400A75B1C;
			productRefGroup = 60CFFA3D28368F7400A75B1C /* Products */;
			projectDirPath = "";
			projectRoot = "";
			targets = (
				60CFFA3B28368F7400A75B1C /* Netflix_clone.mpc */,
				60CFFA5428368F7A00A75B1C /* Netflix_clone.mpcTests */,
				60CFFA5E28368F7A00A75B1C /* Netflix_clone.mpcUITests */,
			);
		};
/* End PBXProject section */

/* Begin PBXResourcesBuildPhase section */
		60CFFA3A28368F7400A75B1C /* Resources */ = {
			isa = PBXResourcesBuildPhase;
			buildActionMask = 2147483647;
			files = (
				60940991283BB0B600BBAA77 /* OneMovieCell.xib in Resources */,
				6094099B283BC10900BBAA77 /* GoogleService-Info.plist in Resources */,
				60940995283BB19B00BBAA77 /* SelectedMovieViewController.xib in Resources */,
				60CFFA4F28368F7A00A75B1C /* LaunchScreen.storyboard in Resources */,
				608053902836DD7A00666AFF /* MainViewController.xib in Resources */,
				60CFFA4C28368F7A00A75B1C /* Assets.xcassets in Resources */,
				60940997283BB29E00BBAA77 /* FavoriteMovieCell.xib in Resources */,
				60CFFA752836901700A75B1C /* initialViewController.xib in Resources */,
				609409A3283D7A6800BBAA77 /* FavoritesMoviesViewController.xib in Resources */,
			);
			runOnlyForDeploymentPostprocessing = 0;
		};
		60CFFA5328368F7A00A75B1C /* Resources */ = {
			isa = PBXResourcesBuildPhase;
			buildActionMask = 2147483647;
			files = (
			);
			runOnlyForDeploymentPostprocessing = 0;
		};
		60CFFA5D28368F7A00A75B1C /* Resources */ = {
			isa = PBXResourcesBuildPhase;
			buildActionMask = 2147483647;
			files = (
			);
			runOnlyForDeploymentPostprocessing = 0;
		};
/* End PBXResourcesBuildPhase section */

/* Begin PBXShellScriptBuildPhase section */
		1953A2871C9B2F9CA78E2599 /* [CP] Check Pods Manifest.lock */ = {
			isa = PBXShellScriptBuildPhase;
			buildActionMask = 2147483647;
			files = (
			);
			inputFileListPaths = (
			);
			inputPaths = (
				"${PODS_PODFILE_DIR_PATH}/Podfile.lock",
				"${PODS_ROOT}/Manifest.lock",
			);
			name = "[CP] Check Pods Manifest.lock";
			outputFileListPaths = (
			);
			outputPaths = (
				"$(DERIVED_FILE_DIR)/Pods-Netflix_clone.mpc-checkManifestLockResult.txt",
			);
			runOnlyForDeploymentPostprocessing = 0;
			shellPath = /bin/sh;
			shellScript = "diff \"${PODS_PODFILE_DIR_PATH}/Podfile.lock\" \"${PODS_ROOT}/Manifest.lock\" > /dev/null\nif [ $? != 0 ] ; then\n    # print error to STDERR\n    echo \"error: The sandbox is not in sync with the Podfile.lock. Run 'pod install' or update your CocoaPods installation.\" >&2\n    exit 1\nfi\n# This output is used by Xcode 'outputs' to avoid re-running this script phase.\necho \"SUCCESS\" > \"${SCRIPT_OUTPUT_FILE_0}\"\n";
			showEnvVarsInLog = 0;
		};
		1F266C378FE97853D366571B /* [CP] Embed Pods Frameworks */ = {
			isa = PBXShellScriptBuildPhase;
			buildActionMask = 2147483647;
			files = (
			);
			inputFileListPaths = (
				"${PODS_ROOT}/Target Support Files/Pods-Netflix_clone.mpc/Pods-Netflix_clone.mpc-frameworks-${CONFIGURATION}-input-files.xcfilelist",
			);
			name = "[CP] Embed Pods Frameworks";
			outputFileListPaths = (
				"${PODS_ROOT}/Target Support Files/Pods-Netflix_clone.mpc/Pods-Netflix_clone.mpc-frameworks-${CONFIGURATION}-output-files.xcfilelist",
			);
			runOnlyForDeploymentPostprocessing = 0;
			shellPath = /bin/sh;
			shellScript = "\"${PODS_ROOT}/Target Support Files/Pods-Netflix_clone.mpc/Pods-Netflix_clone.mpc-frameworks.sh\"\n";
			showEnvVarsInLog = 0;
		};
		487B2D9B027838823063065F /* [CP] Check Pods Manifest.lock */ = {
			isa = PBXShellScriptBuildPhase;
			buildActionMask = 2147483647;
			files = (
			);
			inputFileListPaths = (
			);
			inputPaths = (
				"${PODS_PODFILE_DIR_PATH}/Podfile.lock",
				"${PODS_ROOT}/Manifest.lock",
			);
			name = "[CP] Check Pods Manifest.lock";
			outputFileListPaths = (
			);
			outputPaths = (
				"$(DERIVED_FILE_DIR)/Pods-Netflix_clone.mpcTests-checkManifestLockResult.txt",
			);
			runOnlyForDeploymentPostprocessing = 0;
			shellPath = /bin/sh;
			shellScript = "diff \"${PODS_PODFILE_DIR_PATH}/Podfile.lock\" \"${PODS_ROOT}/Manifest.lock\" > /dev/null\nif [ $? != 0 ] ; then\n    # print error to STDERR\n    echo \"error: The sandbox is not in sync with the Podfile.lock. Run 'pod install' or update your CocoaPods installation.\" >&2\n    exit 1\nfi\n# This output is used by Xcode 'outputs' to avoid re-running this script phase.\necho \"SUCCESS\" > \"${SCRIPT_OUTPUT_FILE_0}\"\n";
			showEnvVarsInLog = 0;
		};
		6DFB160072A26CFD72892E32 /* [CP] Check Pods Manifest.lock */ = {
			isa = PBXShellScriptBuildPhase;
			buildActionMask = 2147483647;
			files = (
			);
			inputFileListPaths = (
			);
			inputPaths = (
				"${PODS_PODFILE_DIR_PATH}/Podfile.lock",
				"${PODS_ROOT}/Manifest.lock",
			);
			name = "[CP] Check Pods Manifest.lock";
			outputFileListPaths = (
			);
			outputPaths = (
				"$(DERIVED_FILE_DIR)/Pods-Netflix_clone.mpc-Netflix_clone.mpcUITests-checkManifestLockResult.txt",
			);
			runOnlyForDeploymentPostprocessing = 0;
			shellPath = /bin/sh;
			shellScript = "diff \"${PODS_PODFILE_DIR_PATH}/Podfile.lock\" \"${PODS_ROOT}/Manifest.lock\" > /dev/null\nif [ $? != 0 ] ; then\n    # print error to STDERR\n    echo \"error: The sandbox is not in sync with the Podfile.lock. Run 'pod install' or update your CocoaPods installation.\" >&2\n    exit 1\nfi\n# This output is used by Xcode 'outputs' to avoid re-running this script phase.\necho \"SUCCESS\" > \"${SCRIPT_OUTPUT_FILE_0}\"\n";
			showEnvVarsInLog = 0;
		};
		84D5D64B800BF049666F7012 /* [CP] Embed Pods Frameworks */ = {
			isa = PBXShellScriptBuildPhase;
			buildActionMask = 2147483647;
			files = (
			);
			inputFileListPaths = (
				"${PODS_ROOT}/Target Support Files/Pods-Netflix_clone.mpc-Netflix_clone.mpcUITests/Pods-Netflix_clone.mpc-Netflix_clone.mpcUITests-frameworks-${CONFIGURATION}-input-files.xcfilelist",
			);
			name = "[CP] Embed Pods Frameworks";
			outputFileListPaths = (
				"${PODS_ROOT}/Target Support Files/Pods-Netflix_clone.mpc-Netflix_clone.mpcUITests/Pods-Netflix_clone.mpc-Netflix_clone.mpcUITests-frameworks-${CONFIGURATION}-output-files.xcfilelist",
			);
			runOnlyForDeploymentPostprocessing = 0;
			shellPath = /bin/sh;
			shellScript = "\"${PODS_ROOT}/Target Support Files/Pods-Netflix_clone.mpc-Netflix_clone.mpcUITests/Pods-Netflix_clone.mpc-Netflix_clone.mpcUITests-frameworks.sh\"\n";
			showEnvVarsInLog = 0;
		};
/* End PBXShellScriptBuildPhase section */

/* Begin PBXSourcesBuildPhase section */
		60CFFA3828368F7400A75B1C /* Sources */ = {
			isa = PBXSourcesBuildPhase;
			buildActionMask = 2147483647;
			files = (
				6080538F2836DD7900666AFF /* MainViewController.swift in Sources */,
				60F1BF79283B0530004A8297 /* FavoriteMovieModel.swift in Sources */,
				60CFFA4028368F7400A75B1C /* AppDelegate.swift in Sources */,
				60CFFA742836901700A75B1C /* initialViewController.swift in Sources */,
				60CFFA4228368F7400A75B1C /* SceneDelegate.swift in Sources */,
				60F1BF7B283B0566004A8297 /* APICaller.swift in Sources */,
				60940993283BB14100BBAA77 /* SelectedMovieViewController.swift in Sources */,
				6080538B2836DD5700666AFF /* FavouriteViewController.swift in Sources */,
				60F1BF77283B050F004A8297 /* PopularMovieModel.swift in Sources */,
				60940988283BAD3E00BBAA77 /* FavoriteMovieViewModel.swift in Sources */,
				60940986283BAD2C00BBAA77 /* SelectedMovieViewModel.swift in Sources */,
				6094099F283C1C1900BBAA77 /* UserViewModel.swift in Sources */,
				6094098F283BB09500BBAA77 /* OneMovieCell.swift in Sources */,
				60F1BF75283B04FE004A8297 /* SelectedMovieModel.swift in Sources */,
				609409A5283D7D3500BBAA77 /* FavoriteMovieCell.swift in Sources */,
				60CFFA4A28368F7400A75B1C /* Netflix_clone_mpc.xcdatamodeld in Sources */,
				60F1BF7D283B0CDC004A8297 /* MainViewModel.swift in Sources */,
			);
			runOnlyForDeploymentPostprocessing = 0;
		};
		60CFFA5128368F7A00A75B1C /* Sources */ = {
			isa = PBXSourcesBuildPhase;
			buildActionMask = 2147483647;
			files = (
				60CFFA5A28368F7A00A75B1C /* Netflix_clone_mpcTests.swift in Sources */,
			);
			runOnlyForDeploymentPostprocessing = 0;
		};
		60CFFA5B28368F7A00A75B1C /* Sources */ = {
			isa = PBXSourcesBuildPhase;
			buildActionMask = 2147483647;
			files = (
				60CFFA6628368F7A00A75B1C /* Netflix_clone_mpcUITestsLaunchTests.swift in Sources */,
				60CFFA6428368F7A00A75B1C /* Netflix_clone_mpcUITests.swift in Sources */,
			);
			runOnlyForDeploymentPostprocessing = 0;
		};
/* End PBXSourcesBuildPhase section */

/* Begin PBXTargetDependency section */
		60CFFA5728368F7A00A75B1C /* PBXTargetDependency */ = {
			isa = PBXTargetDependency;
			target = 60CFFA3B28368F7400A75B1C /* Netflix_clone.mpc */;
			targetProxy = 60CFFA5628368F7A00A75B1C /* PBXContainerItemProxy */;
		};
		60CFFA6128368F7A00A75B1C /* PBXTargetDependency */ = {
			isa = PBXTargetDependency;
			target = 60CFFA3B28368F7400A75B1C /* Netflix_clone.mpc */;
			targetProxy = 60CFFA6028368F7A00A75B1C /* PBXContainerItemProxy */;
		};
/* End PBXTargetDependency section */

/* Begin PBXVariantGroup section */
		60CFFA4D28368F7A00A75B1C /* LaunchScreen.storyboard */ = {
			isa = PBXVariantGroup;
			children = (
				60CFFA4E28368F7A00A75B1C /* Base */,
			);
			name = LaunchScreen.storyboard;
			sourceTree = "<group>";
		};
/* End PBXVariantGroup section */

/* Begin XCBuildConfiguration section */
		60CFFA6728368F7A00A75B1C /* Debug */ = {
			isa = XCBuildConfiguration;
			buildSettings = {
				ALWAYS_SEARCH_USER_PATHS = NO;
				CLANG_ANALYZER_NONNULL = YES;
				CLANG_ANALYZER_NUMBER_OBJECT_CONVERSION = YES_AGGRESSIVE;
				CLANG_CXX_LANGUAGE_STANDARD = "gnu++17";
				CLANG_CXX_LIBRARY = "libc++";
				CLANG_ENABLE_MODULES = YES;
				CLANG_ENABLE_OBJC_ARC = YES;
				CLANG_ENABLE_OBJC_WEAK = YES;
				CLANG_WARN_BLOCK_CAPTURE_AUTORELEASING = YES;
				CLANG_WARN_BOOL_CONVERSION = YES;
				CLANG_WARN_COMMA = YES;
				CLANG_WARN_CONSTANT_CONVERSION = YES;
				CLANG_WARN_DEPRECATED_OBJC_IMPLEMENTATIONS = YES;
				CLANG_WARN_DIRECT_OBJC_ISA_USAGE = YES_ERROR;
				CLANG_WARN_DOCUMENTATION_COMMENTS = YES;
				CLANG_WARN_EMPTY_BODY = YES;
				CLANG_WARN_ENUM_CONVERSION = YES;
				CLANG_WARN_INFINITE_RECURSION = YES;
				CLANG_WARN_INT_CONVERSION = YES;
				CLANG_WARN_NON_LITERAL_NULL_CONVERSION = YES;
				CLANG_WARN_OBJC_IMPLICIT_RETAIN_SELF = YES;
				CLANG_WARN_OBJC_LITERAL_CONVERSION = YES;
				CLANG_WARN_OBJC_ROOT_CLASS = YES_ERROR;
				CLANG_WARN_QUOTED_INCLUDE_IN_FRAMEWORK_HEADER = YES;
				CLANG_WARN_RANGE_LOOP_ANALYSIS = YES;
				CLANG_WARN_STRICT_PROTOTYPES = YES;
				CLANG_WARN_SUSPICIOUS_MOVE = YES;
				CLANG_WARN_UNGUARDED_AVAILABILITY = YES_AGGRESSIVE;
				CLANG_WARN_UNREACHABLE_CODE = YES;
				CLANG_WARN__DUPLICATE_METHOD_MATCH = YES;
				COPY_PHASE_STRIP = NO;
				DEBUG_INFORMATION_FORMAT = dwarf;
				ENABLE_STRICT_OBJC_MSGSEND = YES;
				ENABLE_TESTABILITY = YES;
				GCC_C_LANGUAGE_STANDARD = gnu11;
				GCC_DYNAMIC_NO_PIC = NO;
				GCC_NO_COMMON_BLOCKS = YES;
				GCC_OPTIMIZATION_LEVEL = 0;
				GCC_PREPROCESSOR_DEFINITIONS = (
					"DEBUG=1",
					"$(inherited)",
				);
				GCC_WARN_64_TO_32_BIT_CONVERSION = YES;
				GCC_WARN_ABOUT_RETURN_TYPE = YES_ERROR;
				GCC_WARN_UNDECLARED_SELECTOR = YES;
				GCC_WARN_UNINITIALIZED_AUTOS = YES_AGGRESSIVE;
				GCC_WARN_UNUSED_FUNCTION = YES;
				GCC_WARN_UNUSED_VARIABLE = YES;
				IPHONEOS_DEPLOYMENT_TARGET = 15.0;
				MTL_ENABLE_DEBUG_INFO = INCLUDE_SOURCE;
				MTL_FAST_MATH = YES;
				ONLY_ACTIVE_ARCH = YES;
				SDKROOT = iphoneos;
				SWIFT_ACTIVE_COMPILATION_CONDITIONS = DEBUG;
				SWIFT_OPTIMIZATION_LEVEL = "-Onone";
			};
			name = Debug;
		};
		60CFFA6828368F7A00A75B1C /* Release */ = {
			isa = XCBuildConfiguration;
			buildSettings = {
				ALWAYS_SEARCH_USER_PATHS = NO;
				CLANG_ANALYZER_NONNULL = YES;
				CLANG_ANALYZER_NUMBER_OBJECT_CONVERSION = YES_AGGRESSIVE;
				CLANG_CXX_LANGUAGE_STANDARD = "gnu++17";
				CLANG_CXX_LIBRARY = "libc++";
				CLANG_ENABLE_MODULES = YES;
				CLANG_ENABLE_OBJC_ARC = YES;
				CLANG_ENABLE_OBJC_WEAK = YES;
				CLANG_WARN_BLOCK_CAPTURE_AUTORELEASING = YES;
				CLANG_WARN_BOOL_CONVERSION = YES;
				CLANG_WARN_COMMA = YES;
				CLANG_WARN_CONSTANT_CONVERSION = YES;
				CLANG_WARN_DEPRECATED_OBJC_IMPLEMENTATIONS = YES;
				CLANG_WARN_DIRECT_OBJC_ISA_USAGE = YES_ERROR;
				CLANG_WARN_DOCUMENTATION_COMMENTS = YES;
				CLANG_WARN_EMPTY_BODY = YES;
				CLANG_WARN_ENUM_CONVERSION = YES;
				CLANG_WARN_INFINITE_RECURSION = YES;
				CLANG_WARN_INT_CONVERSION = YES;
				CLANG_WARN_NON_LITERAL_NULL_CONVERSION = YES;
				CLANG_WARN_OBJC_IMPLICIT_RETAIN_SELF = YES;
				CLANG_WARN_OBJC_LITERAL_CONVERSION = YES;
				CLANG_WARN_OBJC_ROOT_CLASS = YES_ERROR;
				CLANG_WARN_QUOTED_INCLUDE_IN_FRAMEWORK_HEADER = YES;
				CLANG_WARN_RANGE_LOOP_ANALYSIS = YES;
				CLANG_WARN_STRICT_PROTOTYPES = YES;
				CLANG_WARN_SUSPICIOUS_MOVE = YES;
				CLANG_WARN_UNGUARDED_AVAILABILITY = YES_AGGRESSIVE;
				CLANG_WARN_UNREACHABLE_CODE = YES;
				CLANG_WARN__DUPLICATE_METHOD_MATCH = YES;
				COPY_PHASE_STRIP = NO;
				DEBUG_INFORMATION_FORMAT = "dwarf-with-dsym";
				ENABLE_NS_ASSERTIONS = NO;
				ENABLE_STRICT_OBJC_MSGSEND = YES;
				GCC_C_LANGUAGE_STANDARD = gnu11;
				GCC_NO_COMMON_BLOCKS = YES;
				GCC_WARN_64_TO_32_BIT_CONVERSION = YES;
				GCC_WARN_ABOUT_RETURN_TYPE = YES_ERROR;
				GCC_WARN_UNDECLARED_SELECTOR = YES;
				GCC_WARN_UNINITIALIZED_AUTOS = YES_AGGRESSIVE;
				GCC_WARN_UNUSED_FUNCTION = YES;
				GCC_WARN_UNUSED_VARIABLE = YES;
				IPHONEOS_DEPLOYMENT_TARGET = 15.0;
				MTL_ENABLE_DEBUG_INFO = NO;
				MTL_FAST_MATH = YES;
				SDKROOT = iphoneos;
				SWIFT_COMPILATION_MODE = wholemodule;
				SWIFT_OPTIMIZATION_LEVEL = "-O";
				VALIDATE_PRODUCT = YES;
			};
			name = Release;
		};
		60CFFA6A28368F7A00A75B1C /* Debug */ = {
			isa = XCBuildConfiguration;
			baseConfigurationReference = EA5AA00EEF5691ADD0FACB92 /* Pods-Netflix_clone.mpc.debug.xcconfig */;
			buildSettings = {
				ASSETCATALOG_COMPILER_APPICON_NAME = AppIcon;
				ASSETCATALOG_COMPILER_GLOBAL_ACCENT_COLOR_NAME = AccentColor;
				CODE_SIGN_STYLE = Automatic;
				CURRENT_PROJECT_VERSION = 1;
				DEVELOPMENT_TEAM = C7JF986548;
				GENERATE_INFOPLIST_FILE = YES;
				INFOPLIST_FILE = Netflix_clone.mpc/Info.plist;
				INFOPLIST_KEY_NSMainNibFile = initialViewController;
				INFOPLIST_KEY_UIApplicationSupportsIndirectInputEvents = YES;
				INFOPLIST_KEY_UILaunchStoryboardName = LaunchScreen;
				INFOPLIST_KEY_UISupportedInterfaceOrientations_iPad = "UIInterfaceOrientationPortrait UIInterfaceOrientationPortraitUpsideDown UIInterfaceOrientationLandscapeLeft UIInterfaceOrientationLandscapeRight";
				INFOPLIST_KEY_UISupportedInterfaceOrientations_iPhone = "UIInterfaceOrientationPortrait UIInterfaceOrientationLandscapeLeft UIInterfaceOrientationLandscapeRight";
				LD_RUNPATH_SEARCH_PATHS = (
					"$(inherited)",
					"@executable_path/Frameworks",
				);
				MARKETING_VERSION = 1.0;
				PRODUCT_BUNDLE_IDENTIFIER = "com.matiaspc.Netflix-clone-mpc";
				PRODUCT_NAME = "$(TARGET_NAME)";
				SWIFT_EMIT_LOC_STRINGS = YES;
				SWIFT_VERSION = 5.0;
				TARGETED_DEVICE_FAMILY = "1,2";
			};
			name = Debug;
		};
		60CFFA6B28368F7A00A75B1C /* Release */ = {
			isa = XCBuildConfiguration;
			baseConfigurationReference = 8468C513375ADEF530BCBDAE /* Pods-Netflix_clone.mpc.release.xcconfig */;
			buildSettings = {
				ASSETCATALOG_COMPILER_APPICON_NAME = AppIcon;
				ASSETCATALOG_COMPILER_GLOBAL_ACCENT_COLOR_NAME = AccentColor;
				CODE_SIGN_STYLE = Automatic;
				CURRENT_PROJECT_VERSION = 1;
				DEVELOPMENT_TEAM = C7JF986548;
				GENERATE_INFOPLIST_FILE = YES;
				INFOPLIST_FILE = Netflix_clone.mpc/Info.plist;
				INFOPLIST_KEY_NSMainNibFile = initialViewController;
				INFOPLIST_KEY_UIApplicationSupportsIndirectInputEvents = YES;
				INFOPLIST_KEY_UILaunchStoryboardName = LaunchScreen;
				INFOPLIST_KEY_UISupportedInterfaceOrientations_iPad = "UIInterfaceOrientationPortrait UIInterfaceOrientationPortraitUpsideDown UIInterfaceOrientationLandscapeLeft UIInterfaceOrientationLandscapeRight";
				INFOPLIST_KEY_UISupportedInterfaceOrientations_iPhone = "UIInterfaceOrientationPortrait UIInterfaceOrientationLandscapeLeft UIInterfaceOrientationLandscapeRight";
				LD_RUNPATH_SEARCH_PATHS = (
					"$(inherited)",
					"@executable_path/Frameworks",
				);
				MARKETING_VERSION = 1.0;
				PRODUCT_BUNDLE_IDENTIFIER = "com.matiaspc.Netflix-clone-mpc";
				PRODUCT_NAME = "$(TARGET_NAME)";
				SWIFT_EMIT_LOC_STRINGS = YES;
				SWIFT_VERSION = 5.0;
				TARGETED_DEVICE_FAMILY = "1,2";
			};
			name = Release;
		};
		60CFFA6D28368F7A00A75B1C /* Debug */ = {
			isa = XCBuildConfiguration;
			baseConfigurationReference = 14C46C8C64A9B81060C1334E /* Pods-Netflix_clone.mpcTests.debug.xcconfig */;
			buildSettings = {
				ALWAYS_EMBED_SWIFT_STANDARD_LIBRARIES = YES;
				BUNDLE_LOADER = "$(TEST_HOST)";
				CODE_SIGN_STYLE = Automatic;
				CURRENT_PROJECT_VERSION = 1;
				GENERATE_INFOPLIST_FILE = YES;
				IPHONEOS_DEPLOYMENT_TARGET = 15.0;
				LD_RUNPATH_SEARCH_PATHS = (
					"$(inherited)",
					"@executable_path/Frameworks",
					"@loader_path/Frameworks",
				);
				MARKETING_VERSION = 1.0;
				PRODUCT_BUNDLE_IDENTIFIER = "com.matiaspc.Netflix-clone-mpcTests";
				PRODUCT_NAME = "$(TARGET_NAME)";
				SWIFT_EMIT_LOC_STRINGS = NO;
				SWIFT_VERSION = 5.0;
				TARGETED_DEVICE_FAMILY = "1,2";
				TEST_HOST = "$(BUILT_PRODUCTS_DIR)/Netflix_clone.mpc.app/Netflix_clone.mpc";
			};
			name = Debug;
		};
		60CFFA6E28368F7A00A75B1C /* Release */ = {
			isa = XCBuildConfiguration;
			baseConfigurationReference = 6D6D32C855FEB0C6AD43776D /* Pods-Netflix_clone.mpcTests.release.xcconfig */;
			buildSettings = {
				ALWAYS_EMBED_SWIFT_STANDARD_LIBRARIES = YES;
				BUNDLE_LOADER = "$(TEST_HOST)";
				CODE_SIGN_STYLE = Automatic;
				CURRENT_PROJECT_VERSION = 1;
				GENERATE_INFOPLIST_FILE = YES;
				IPHONEOS_DEPLOYMENT_TARGET = 15.0;
				LD_RUNPATH_SEARCH_PATHS = (
					"$(inherited)",
					"@executable_path/Frameworks",
					"@loader_path/Frameworks",
				);
				MARKETING_VERSION = 1.0;
				PRODUCT_BUNDLE_IDENTIFIER = "com.matiaspc.Netflix-clone-mpcTests";
				PRODUCT_NAME = "$(TARGET_NAME)";
				SWIFT_EMIT_LOC_STRINGS = NO;
				SWIFT_VERSION = 5.0;
				TARGETED_DEVICE_FAMILY = "1,2";
				TEST_HOST = "$(BUILT_PRODUCTS_DIR)/Netflix_clone.mpc.app/Netflix_clone.mpc";
			};
			name = Release;
		};
		60CFFA7028368F7A00A75B1C /* Debug */ = {
			isa = XCBuildConfiguration;
			baseConfigurationReference = B35EC39FD36D072876A0E179 /* Pods-Netflix_clone.mpc-Netflix_clone.mpcUITests.debug.xcconfig */;
			buildSettings = {
				ALWAYS_EMBED_SWIFT_STANDARD_LIBRARIES = YES;
				CODE_SIGN_STYLE = Automatic;
				CURRENT_PROJECT_VERSION = 1;
				GENERATE_INFOPLIST_FILE = YES;
				LD_RUNPATH_SEARCH_PATHS = (
					"$(inherited)",
					"@executable_path/Frameworks",
					"@loader_path/Frameworks",
				);
				MARKETING_VERSION = 1.0;
				PRODUCT_BUNDLE_IDENTIFIER = "com.matiaspc.Netflix-clone-mpcUITests";
				PRODUCT_NAME = "$(TARGET_NAME)";
				SWIFT_EMIT_LOC_STRINGS = NO;
				SWIFT_VERSION = 5.0;
				TARGETED_DEVICE_FAMILY = "1,2";
				TEST_TARGET_NAME = Netflix_clone.mpc;
			};
			name = Debug;
		};
		60CFFA7128368F7A00A75B1C /* Release */ = {
			isa = XCBuildConfiguration;
			baseConfigurationReference = F02E6E144D8ED1E05400C1D3 /* Pods-Netflix_clone.mpc-Netflix_clone.mpcUITests.release.xcconfig */;
			buildSettings = {
				ALWAYS_EMBED_SWIFT_STANDARD_LIBRARIES = YES;
				CODE_SIGN_STYLE = Automatic;
				CURRENT_PROJECT_VERSION = 1;
				GENERATE_INFOPLIST_FILE = YES;
				LD_RUNPATH_SEARCH_PATHS = (
					"$(inherited)",
					"@executable_path/Frameworks",
					"@loader_path/Frameworks",
				);
				MARKETING_VERSION = 1.0;
				PRODUCT_BUNDLE_IDENTIFIER = "com.matiaspc.Netflix-clone-mpcUITests";
				PRODUCT_NAME = "$(TARGET_NAME)";
				SWIFT_EMIT_LOC_STRINGS = NO;
				SWIFT_VERSION = 5.0;
				TARGETED_DEVICE_FAMILY = "1,2";
				TEST_TARGET_NAME = Netflix_clone.mpc;
			};
			name = Release;
		};
/* End XCBuildConfiguration section */

/* Begin XCConfigurationList section */
		60CFFA3728368F7400A75B1C /* Build configuration list for PBXProject "Netflix_clone.mpc" */ = {
			isa = XCConfigurationList;
			buildConfigurations = (
				60CFFA6728368F7A00A75B1C /* Debug */,
				60CFFA6828368F7A00A75B1C /* Release */,
			);
			defaultConfigurationIsVisible = 0;
			defaultConfigurationName = Release;
		};
		60CFFA6928368F7A00A75B1C /* Build configuration list for PBXNativeTarget "Netflix_clone.mpc" */ = {
			isa = XCConfigurationList;
			buildConfigurations = (
				60CFFA6A28368F7A00A75B1C /* Debug */,
				60CFFA6B28368F7A00A75B1C /* Release */,
			);
			defaultConfigurationIsVisible = 0;
			defaultConfigurationName = Release;
		};
		60CFFA6C28368F7A00A75B1C /* Build configuration list for PBXNativeTarget "Netflix_clone.mpcTests" */ = {
			isa = XCConfigurationList;
			buildConfigurations = (
				60CFFA6D28368F7A00A75B1C /* Debug */,
				60CFFA6E28368F7A00A75B1C /* Release */,
			);
			defaultConfigurationIsVisible = 0;
			defaultConfigurationName = Release;
		};
		60CFFA6F28368F7A00A75B1C /* Build configuration list for PBXNativeTarget "Netflix_clone.mpcUITests" */ = {
			isa = XCConfigurationList;
			buildConfigurations = (
				60CFFA7028368F7A00A75B1C /* Debug */,
				60CFFA7128368F7A00A75B1C /* Release */,
			);
			defaultConfigurationIsVisible = 0;
			defaultConfigurationName = Release;
		};
/* End XCConfigurationList section */

/* Begin XCVersionGroup section */
		60CFFA4828368F7400A75B1C /* Netflix_clone_mpc.xcdatamodeld */ = {
			isa = XCVersionGroup;
			children = (
				60CFFA4928368F7400A75B1C /* Netflix_clone_mpc.xcdatamodel */,
			);
			currentVersion = 60CFFA4928368F7400A75B1C /* Netflix_clone_mpc.xcdatamodel */;
			path = Netflix_clone_mpc.xcdatamodeld;
			sourceTree = "<group>";
			versionGroupType = wrapper.xcdatamodel;
		};
/* End XCVersionGroup section */
	};
	rootObject = 60CFFA3428368F7400A75B1C /* Project object */;
}
